// !$*UTF8*$!
{
	archiveVersion = 1;
	classes = {
	};
	objectVersion = 55;
	objects = {

/* Begin PBXBuildFile section */
		F1155944290419C600C11E0B /* FoodsDetailProtocol.swift in Sources */ = {isa = PBXBuildFile; fileRef = F1155943290419C600C11E0B /* FoodsDetailProtocol.swift */; };
		F115594629041B0A00C11E0B /* FoodsDetailPresenter.swift in Sources */ = {isa = PBXBuildFile; fileRef = F115594529041B0A00C11E0B /* FoodsDetailPresenter.swift */; };
		F115594829041B6000C11E0B /* FoodsDetailInteractor.swift in Sources */ = {isa = PBXBuildFile; fileRef = F115594729041B6000C11E0B /* FoodsDetailInteractor.swift */; };
		F115594A29042E8000C11E0B /* Cart.swift in Sources */ = {isa = PBXBuildFile; fileRef = F115594929042E8000C11E0B /* Cart.swift */; };
		F115594C29042E8F00C11E0B /* CartResult.swift in Sources */ = {isa = PBXBuildFile; fileRef = F115594B29042E8F00C11E0B /* CartResult.swift */; };
		F115594E290453D000C11E0B /* FoodsDetailRouter.swift in Sources */ = {isa = PBXBuildFile; fileRef = F115594D290453D000C11E0B /* FoodsDetailRouter.swift */; };
		F11B08B52902B34A00005115 /* CartTableViewCell.swift in Sources */ = {isa = PBXBuildFile; fileRef = F11B08B42902B34A00005115 /* CartTableViewCell.swift */; };
		F11B08B72902B35B00005115 /* FoodTableViewCell.swift in Sources */ = {isa = PBXBuildFile; fileRef = F11B08B62902B35B00005115 /* FoodTableViewCell.swift */; };
		F11B08C12902BC6400005115 /* Foods.swift in Sources */ = {isa = PBXBuildFile; fileRef = F11B08C02902BC6400005115 /* Foods.swift */; };
		F11B08C32902BC6E00005115 /* FoodsResult.swift in Sources */ = {isa = PBXBuildFile; fileRef = F11B08C22902BC6E00005115 /* FoodsResult.swift */; };
		F11B08C52902BE1000005115 /* FoodsMainPresenter.swift in Sources */ = {isa = PBXBuildFile; fileRef = F11B08C42902BE1000005115 /* FoodsMainPresenter.swift */; };
		F11B08C72902BE3000005115 /* FoodsMainInteractor.swift in Sources */ = {isa = PBXBuildFile; fileRef = F11B08C62902BE3000005115 /* FoodsMainInteractor.swift */; };
		F11B08C92902BE3C00005115 /* FoodsMainRouter.swift in Sources */ = {isa = PBXBuildFile; fileRef = F11B08C82902BE3C00005115 /* FoodsMainRouter.swift */; };
		F11B08CB2902BE4B00005115 /* FoodsMainProtocol.swift in Sources */ = {isa = PBXBuildFile; fileRef = F11B08CA2902BE4B00005115 /* FoodsMainProtocol.swift */; };
		F11B08CE2902C3FF00005115 /* Alamofire in Frameworks */ = {isa = PBXBuildFile; productRef = F11B08CD2902C3FF00005115 /* Alamofire */; };
		F11B08D12902DD3F00005115 /* Kingfisher in Frameworks */ = {isa = PBXBuildFile; productRef = F11B08D02902DD3F00005115 /* Kingfisher */; };
		F1283E8A2902046300002689 /* GMStepper.swift in Sources */ = {isa = PBXBuildFile; fileRef = F1283E892902046300002689 /* GMStepper.swift */; };
		F13725AB28FEB71500B95469 /* AppDelegate.swift in Sources */ = {isa = PBXBuildFile; fileRef = F13725AA28FEB71500B95469 /* AppDelegate.swift */; };
		F13725AD28FEB71500B95469 /* SceneDelegate.swift in Sources */ = {isa = PBXBuildFile; fileRef = F13725AC28FEB71500B95469 /* SceneDelegate.swift */; };
		F13725AF28FEB71500B95469 /* OnboardingScreen.swift in Sources */ = {isa = PBXBuildFile; fileRef = F13725AE28FEB71500B95469 /* OnboardingScreen.swift */; };
		F13725B228FEB71500B95469 /* Main.storyboard in Resources */ = {isa = PBXBuildFile; fileRef = F13725B028FEB71500B95469 /* Main.storyboard */; };
		F13725B428FEB71800B95469 /* Assets.xcassets in Resources */ = {isa = PBXBuildFile; fileRef = F13725B328FEB71800B95469 /* Assets.xcassets */; };
		F13725B728FEB71800B95469 /* LaunchScreen.storyboard in Resources */ = {isa = PBXBuildFile; fileRef = F13725B528FEB71800B95469 /* LaunchScreen.storyboard */; };
		F13725BF28FEF57700B95469 /* FoodMainVC.swift in Sources */ = {isa = PBXBuildFile; fileRef = F13725BE28FEF57700B95469 /* FoodMainVC.swift */; };
		F13725C128FEF58700B95469 /* FoodDetailVC.swift in Sources */ = {isa = PBXBuildFile; fileRef = F13725C028FEF58700B95469 /* FoodDetailVC.swift */; };
		F13725C328FEF5C600B95469 /* FoodCartVC.swift in Sources */ = {isa = PBXBuildFile; fileRef = F13725C228FEF5C600B95469 /* FoodCartVC.swift */; };
		F13725C628FF22D300B95469 /* Lottie in Frameworks */ = {isa = PBXBuildFile; productRef = F13725C528FF22D300B95469 /* Lottie */; };
/* End PBXBuildFile section */

/* Begin PBXFileReference section */
		F1155943290419C600C11E0B /* FoodsDetailProtocol.swift */ = {isa = PBXFileReference; lastKnownFileType = sourcecode.swift; path = FoodsDetailProtocol.swift; sourceTree = "<group>"; };
		F115594529041B0A00C11E0B /* FoodsDetailPresenter.swift */ = {isa = PBXFileReference; lastKnownFileType = sourcecode.swift; path = FoodsDetailPresenter.swift; sourceTree = "<group>"; };
		F115594729041B6000C11E0B /* FoodsDetailInteractor.swift */ = {isa = PBXFileReference; lastKnownFileType = sourcecode.swift; path = FoodsDetailInteractor.swift; sourceTree = "<group>"; };
		F115594929042E8000C11E0B /* Cart.swift */ = {isa = PBXFileReference; lastKnownFileType = sourcecode.swift; path = Cart.swift; sourceTree = "<group>"; };
		F115594B29042E8F00C11E0B /* CartResult.swift */ = {isa = PBXFileReference; lastKnownFileType = sourcecode.swift; path = CartResult.swift; sourceTree = "<group>"; };
		F115594D290453D000C11E0B /* FoodsDetailRouter.swift */ = {isa = PBXFileReference; lastKnownFileType = sourcecode.swift; path = FoodsDetailRouter.swift; sourceTree = "<group>"; };
		F11B08B42902B34A00005115 /* CartTableViewCell.swift */ = {isa = PBXFileReference; lastKnownFileType = sourcecode.swift; path = CartTableViewCell.swift; sourceTree = "<group>"; };
		F11B08B62902B35B00005115 /* FoodTableViewCell.swift */ = {isa = PBXFileReference; lastKnownFileType = sourcecode.swift; path = FoodTableViewCell.swift; sourceTree = "<group>"; };
		F11B08C02902BC6400005115 /* Foods.swift */ = {isa = PBXFileReference; lastKnownFileType = sourcecode.swift; path = Foods.swift; sourceTree = "<group>"; };
		F11B08C22902BC6E00005115 /* FoodsResult.swift */ = {isa = PBXFileReference; lastKnownFileType = sourcecode.swift; path = FoodsResult.swift; sourceTree = "<group>"; };
		F11B08C42902BE1000005115 /* FoodsMainPresenter.swift */ = {isa = PBXFileReference; lastKnownFileType = sourcecode.swift; path = FoodsMainPresenter.swift; sourceTree = "<group>"; };
		F11B08C62902BE3000005115 /* FoodsMainInteractor.swift */ = {isa = PBXFileReference; lastKnownFileType = sourcecode.swift; path = FoodsMainInteractor.swift; sourceTree = "<group>"; };
		F11B08C82902BE3C00005115 /* FoodsMainRouter.swift */ = {isa = PBXFileReference; lastKnownFileType = sourcecode.swift; path = FoodsMainRouter.swift; sourceTree = "<group>"; };
		F11B08CA2902BE4B00005115 /* FoodsMainProtocol.swift */ = {isa = PBXFileReference; lastKnownFileType = sourcecode.swift; path = FoodsMainProtocol.swift; sourceTree = "<group>"; };
		F1283E892902046300002689 /* GMStepper.swift */ = {isa = PBXFileReference; fileEncoding = 4; lastKnownFileType = sourcecode.swift; path = GMStepper.swift; sourceTree = "<group>"; };
		F13725A728FEB71500B95469 /* FoodApp.app */ = {isa = PBXFileReference; explicitFileType = wrapper.application; includeInIndex = 0; path = FoodApp.app; sourceTree = BUILT_PRODUCTS_DIR; };
		F13725AA28FEB71500B95469 /* AppDelegate.swift */ = {isa = PBXFileReference; lastKnownFileType = sourcecode.swift; path = AppDelegate.swift; sourceTree = "<group>"; };
		F13725AC28FEB71500B95469 /* SceneDelegate.swift */ = {isa = PBXFileReference; lastKnownFileType = sourcecode.swift; path = SceneDelegate.swift; sourceTree = "<group>"; };
		F13725AE28FEB71500B95469 /* OnboardingScreen.swift */ = {isa = PBXFileReference; lastKnownFileType = sourcecode.swift; path = OnboardingScreen.swift; sourceTree = "<group>"; };
		F13725B128FEB71500B95469 /* Base */ = {isa = PBXFileReference; lastKnownFileType = file.storyboard; name = Base; path = Base.lproj/Main.storyboard; sourceTree = "<group>"; };
		F13725B328FEB71800B95469 /* Assets.xcassets */ = {isa = PBXFileReference; lastKnownFileType = folder.assetcatalog; path = Assets.xcassets; sourceTree = "<group>"; };
		F13725B628FEB71800B95469 /* Base */ = {isa = PBXFileReference; lastKnownFileType = file.storyboard; name = Base; path = Base.lproj/LaunchScreen.storyboard; sourceTree = "<group>"; };
		F13725B828FEB71800B95469 /* Info.plist */ = {isa = PBXFileReference; lastKnownFileType = text.plist.xml; path = Info.plist; sourceTree = "<group>"; };
		F13725BE28FEF57700B95469 /* FoodMainVC.swift */ = {isa = PBXFileReference; lastKnownFileType = sourcecode.swift; path = FoodMainVC.swift; sourceTree = "<group>"; };
		F13725C028FEF58700B95469 /* FoodDetailVC.swift */ = {isa = PBXFileReference; lastKnownFileType = sourcecode.swift; path = FoodDetailVC.swift; sourceTree = "<group>"; };
		F13725C228FEF5C600B95469 /* FoodCartVC.swift */ = {isa = PBXFileReference; lastKnownFileType = sourcecode.swift; path = FoodCartVC.swift; sourceTree = "<group>"; };
/* End PBXFileReference section */

/* Begin PBXFrameworksBuildPhase section */
		F13725A428FEB71500B95469 /* Frameworks */ = {
			isa = PBXFrameworksBuildPhase;
			buildActionMask = 2147483647;
			files = (
				F11B08D12902DD3F00005115 /* Kingfisher in Frameworks */,
				F13725C628FF22D300B95469 /* Lottie in Frameworks */,
				F11B08CE2902C3FF00005115 /* Alamofire in Frameworks */,
			);
			runOnlyForDeploymentPostprocessing = 0;
		};
/* End PBXFrameworksBuildPhase section */

/* Begin PBXGroup section */
		F115593D29040F5400C11E0B /* fooddetail-module */ = {
			isa = PBXGroup;
			children = (
				F115594229040F8400C11E0B /* protocol */,
				F115594129040F7B00C11E0B /* router */,
				F115594029040F7400C11E0B /* interactor */,
				F115593F29040F6C00C11E0B /* presenter */,
				F115593E29040F6500C11E0B /* view */,
			);
			path = "fooddetail-module";
			sourceTree = "<group>";
		};
		F115593E29040F6500C11E0B /* view */ = {
			isa = PBXGroup;
			children = (
				F13725C028FEF58700B95469 /* FoodDetailVC.swift */,
			);
			path = view;
			sourceTree = "<group>";
		};
		F115593F29040F6C00C11E0B /* presenter */ = {
			isa = PBXGroup;
			children = (
				F115594529041B0A00C11E0B /* FoodsDetailPresenter.swift */,
			);
			path = presenter;
			sourceTree = "<group>";
		};
		F115594029040F7400C11E0B /* interactor */ = {
			isa = PBXGroup;
			children = (
				F115594729041B6000C11E0B /* FoodsDetailInteractor.swift */,
			);
			path = interactor;
			sourceTree = "<group>";
		};
		F115594129040F7B00C11E0B /* router */ = {
			isa = PBXGroup;
			children = (
				F115594D290453D000C11E0B /* FoodsDetailRouter.swift */,
			);
			path = router;
			sourceTree = "<group>";
		};
		F115594229040F8400C11E0B /* protocol */ = {
			isa = PBXGroup;
			children = (
				F1155943290419C600C11E0B /* FoodsDetailProtocol.swift */,
			);
			path = protocol;
			sourceTree = "<group>";
		};
		F115594F29045F6500C11E0B /* foodcart-module */ = {
			isa = PBXGroup;
			children = (
			);
			path = "foodcart-module";
			sourceTree = "<group>";
		};
		F115595029046CE800C11E0B /* config */ = {
			isa = PBXGroup;
			children = (
				F1283E892902046300002689 /* GMStepper.swift */,
			);
			path = config;
			sourceTree = "<group>";
		};
		F11B08B82902BB3D00005115 /* foodmain-module */ = {
			isa = PBXGroup;
			children = (
				F11B08BE2902BBB700005115 /* tableview */,
				F11B08BD2902BBAA00005115 /* protocol */,
				F11B08BC2902BB9800005115 /* router */,
				F11B08BB2902BB9000005115 /* interactor */,
				F11B08BA2902BB8800005115 /* presenter */,
				F11B08B92902BB8300005115 /* view */,
			);
			path = "foodmain-module";
			sourceTree = "<group>";
		};
		F11B08B92902BB8300005115 /* view */ = {
			isa = PBXGroup;
			children = (
				F13725BE28FEF57700B95469 /* FoodMainVC.swift */,
			);
			path = view;
			sourceTree = "<group>";
		};
		F11B08BA2902BB8800005115 /* presenter */ = {
			isa = PBXGroup;
			children = (
				F11B08C42902BE1000005115 /* FoodsMainPresenter.swift */,
			);
			path = presenter;
			sourceTree = "<group>";
		};
		F11B08BB2902BB9000005115 /* interactor */ = {
			isa = PBXGroup;
			children = (
				F11B08C62902BE3000005115 /* FoodsMainInteractor.swift */,
			);
			path = interactor;
			sourceTree = "<group>";
		};
		F11B08BC2902BB9800005115 /* router */ = {
			isa = PBXGroup;
			children = (
				F11B08C82902BE3C00005115 /* FoodsMainRouter.swift */,
			);
			path = router;
			sourceTree = "<group>";
		};
		F11B08BD2902BBAA00005115 /* protocol */ = {
			isa = PBXGroup;
			children = (
				F11B08CA2902BE4B00005115 /* FoodsMainProtocol.swift */,
			);
			path = protocol;
			sourceTree = "<group>";
		};
		F11B08BE2902BBB700005115 /* tableview */ = {
			isa = PBXGroup;
			children = (
				F11B08B62902B35B00005115 /* FoodTableViewCell.swift */,
			);
			path = tableview;
			sourceTree = "<group>";
		};
		F11B08BF2902BC5000005115 /* entity */ = {
			isa = PBXGroup;
			children = (
				F11B08C02902BC6400005115 /* Foods.swift */,
				F11B08C22902BC6E00005115 /* FoodsResult.swift */,
				F115594929042E8000C11E0B /* Cart.swift */,
				F115594B29042E8F00C11E0B /* CartResult.swift */,
			);
			path = entity;
			sourceTree = "<group>";
		};
		F137259E28FEB71400B95469 = {
			isa = PBXGroup;
			children = (
				F13725A928FEB71500B95469 /* FoodApp */,
				F13725A828FEB71500B95469 /* Products */,
			);
			sourceTree = "<group>";
		};
		F13725A828FEB71500B95469 /* Products */ = {
			isa = PBXGroup;
			children = (
				F13725A728FEB71500B95469 /* FoodApp.app */,
			);
			name = Products;
			sourceTree = "<group>";
		};
		F13725A928FEB71500B95469 /* FoodApp */ = {
			isa = PBXGroup;
			children = (
				F13725AA28FEB71500B95469 /* AppDelegate.swift */,
				F13725AC28FEB71500B95469 /* SceneDelegate.swift */,
				F13725AE28FEB71500B95469 /* OnboardingScreen.swift */,
				F13725C228FEF5C600B95469 /* FoodCartVC.swift */,
				F11B08B42902B34A00005115 /* CartTableViewCell.swift */,
				F115595029046CE800C11E0B /* config */,
				F115594F29045F6500C11E0B /* foodcart-module */,
				F115593D29040F5400C11E0B /* fooddetail-module */,
				F11B08BF2902BC5000005115 /* entity */,
				F11B08B82902BB3D00005115 /* foodmain-module */,
				F13725B028FEB71500B95469 /* Main.storyboard */,
				F13725B328FEB71800B95469 /* Assets.xcassets */,
				F13725B528FEB71800B95469 /* LaunchScreen.storyboard */,
				F13725B828FEB71800B95469 /* Info.plist */,
			);
			path = FoodApp;
			sourceTree = "<group>";
		};
/* End PBXGroup section */

/* Begin PBXNativeTarget section */
		F13725A628FEB71500B95469 /* FoodApp */ = {
			isa = PBXNativeTarget;
			buildConfigurationList = F13725BB28FEB71800B95469 /* Build configuration list for PBXNativeTarget "FoodApp" */;
			buildPhases = (
				F13725A328FEB71500B95469 /* Sources */,
				F13725A428FEB71500B95469 /* Frameworks */,
				F13725A528FEB71500B95469 /* Resources */,
			);
			buildRules = (
			);
			dependencies = (
			);
			name = FoodApp;
			packageProductDependencies = (
				F13725C528FF22D300B95469 /* Lottie */,
				F11B08CD2902C3FF00005115 /* Alamofire */,
				F11B08D02902DD3F00005115 /* Kingfisher */,
			);
			productName = FoodApp;
			productReference = F13725A728FEB71500B95469 /* FoodApp.app */;
			productType = "com.apple.product-type.application";
		};
/* End PBXNativeTarget section */

/* Begin PBXProject section */
		F137259F28FEB71400B95469 /* Project object */ = {
			isa = PBXProject;
			attributes = {
				BuildIndependentTargetsInParallel = 1;
				LastSwiftUpdateCheck = 1340;
				LastUpgradeCheck = 1340;
				TargetAttributes = {
					F13725A628FEB71500B95469 = {
						CreatedOnToolsVersion = 13.4.1;
					};
				};
			};
			buildConfigurationList = F13725A228FEB71400B95469 /* Build configuration list for PBXProject "FoodApp" */;
			compatibilityVersion = "Xcode 13.0";
			developmentRegion = en;
			hasScannedForEncodings = 0;
			knownRegions = (
				en,
				Base,
			);
			mainGroup = F137259E28FEB71400B95469;
			packageReferences = (
				F13725C428FF22D300B95469 /* XCRemoteSwiftPackageReference "lottie-ios" */,
				F11B08CC2902C3FF00005115 /* XCRemoteSwiftPackageReference "Alamofire" */,
				F11B08CF2902DD3F00005115 /* XCRemoteSwiftPackageReference "Kingfisher" */,
			);
			productRefGroup = F13725A828FEB71500B95469 /* Products */;
			projectDirPath = "";
			projectRoot = "";
			targets = (
				F13725A628FEB71500B95469 /* FoodApp */,
			);
		};
/* End PBXProject section */

/* Begin PBXResourcesBuildPhase section */
		F13725A528FEB71500B95469 /* Resources */ = {
			isa = PBXResourcesBuildPhase;
			buildActionMask = 2147483647;
			files = (
				F13725B728FEB71800B95469 /* LaunchScreen.storyboard in Resources */,
				F13725B428FEB71800B95469 /* Assets.xcassets in Resources */,
				F13725B228FEB71500B95469 /* Main.storyboard in Resources */,
			);
			runOnlyForDeploymentPostprocessing = 0;
		};
/* End PBXResourcesBuildPhase section */

/* Begin PBXSourcesBuildPhase section */
		F13725A328FEB71500B95469 /* Sources */ = {
			isa = PBXSourcesBuildPhase;
			buildActionMask = 2147483647;
			files = (
				F13725AF28FEB71500B95469 /* OnboardingScreen.swift in Sources */,
				F13725C128FEF58700B95469 /* FoodDetailVC.swift in Sources */,
				F115594A29042E8000C11E0B /* Cart.swift in Sources */,
				F13725C328FEF5C600B95469 /* FoodCartVC.swift in Sources */,
				F115594C29042E8F00C11E0B /* CartResult.swift in Sources */,
				F115594E290453D000C11E0B /* FoodsDetailRouter.swift in Sources */,
				F11B08C52902BE1000005115 /* FoodsMainPresenter.swift in Sources */,
				F115594629041B0A00C11E0B /* FoodsDetailPresenter.swift in Sources */,
				F1155944290419C600C11E0B /* FoodsDetailProtocol.swift in Sources */,
				F13725AB28FEB71500B95469 /* AppDelegate.swift in Sources */,
				F13725AD28FEB71500B95469 /* SceneDelegate.swift in Sources */,
				F11B08C12902BC6400005115 /* Foods.swift in Sources */,
				F13725BF28FEF57700B95469 /* FoodMainVC.swift in Sources */,
				F1283E8A2902046300002689 /* GMStepper.swift in Sources */,
				F11B08C72902BE3000005115 /* FoodsMainInteractor.swift in Sources */,
				F11B08B52902B34A00005115 /* CartTableViewCell.swift in Sources */,
				F11B08B72902B35B00005115 /* FoodTableViewCell.swift in Sources */,
				F11B08C32902BC6E00005115 /* FoodsResult.swift in Sources */,
				F11B08CB2902BE4B00005115 /* FoodsMainProtocol.swift in Sources */,
				F11B08C92902BE3C00005115 /* FoodsMainRouter.swift in Sources */,
				F115594829041B6000C11E0B /* FoodsDetailInteractor.swift in Sources */,
			);
			runOnlyForDeploymentPostprocessing = 0;
		};
/* End PBXSourcesBuildPhase section */

/* Begin PBXVariantGroup section */
		F13725B028FEB71500B95469 /* Main.storyboard */ = {
			isa = PBXVariantGroup;
			children = (
				F13725B128FEB71500B95469 /* Base */,
			);
			name = Main.storyboard;
			sourceTree = "<group>";
		};
		F13725B528FEB71800B95469 /* LaunchScreen.storyboard */ = {
			isa = PBXVariantGroup;
			children = (
				F13725B628FEB71800B95469 /* Base */,
			);
			name = LaunchScreen.storyboard;
			sourceTree = "<group>";
		};
/* End PBXVariantGroup section */

/* Begin XCBuildConfiguration section */
		F13725B928FEB71800B95469 /* Debug */ = {
			isa = XCBuildConfiguration;
			buildSettings = {
				ALWAYS_SEARCH_USER_PATHS = NO;
				CLANG_ANALYZER_NONNULL = YES;
				CLANG_ANALYZER_NUMBER_OBJECT_CONVERSION = YES_AGGRESSIVE;
				CLANG_CXX_LANGUAGE_STANDARD = "gnu++17";
				CLANG_ENABLE_MODULES = YES;
				CLANG_ENABLE_OBJC_ARC = YES;
				CLANG_ENABLE_OBJC_WEAK = YES;
				CLANG_WARN_BLOCK_CAPTURE_AUTORELEASING = YES;
				CLANG_WARN_BOOL_CONVERSION = YES;
				CLANG_WARN_COMMA = YES;
				CLANG_WARN_CONSTANT_CONVERSION = YES;
				CLANG_WARN_DEPRECATED_OBJC_IMPLEMENTATIONS = YES;
				CLANG_WARN_DIRECT_OBJC_ISA_USAGE = YES_ERROR;
				CLANG_WARN_DOCUMENTATION_COMMENTS = YES;
				CLANG_WARN_EMPTY_BODY = YES;
				CLANG_WARN_ENUM_CONVERSION = YES;
				CLANG_WARN_INFINITE_RECURSION = YES;
				CLANG_WARN_INT_CONVERSION = YES;
				CLANG_WARN_NON_LITERAL_NULL_CONVERSION = YES;
				CLANG_WARN_OBJC_IMPLICIT_RETAIN_SELF = YES;
				CLANG_WARN_OBJC_LITERAL_CONVERSION = YES;
				CLANG_WARN_OBJC_ROOT_CLASS = YES_ERROR;
				CLANG_WARN_QUOTED_INCLUDE_IN_FRAMEWORK_HEADER = YES;
				CLANG_WARN_RANGE_LOOP_ANALYSIS = YES;
				CLANG_WARN_STRICT_PROTOTYPES = YES;
				CLANG_WARN_SUSPICIOUS_MOVE = YES;
				CLANG_WARN_UNGUARDED_AVAILABILITY = YES_AGGRESSIVE;
				CLANG_WARN_UNREACHABLE_CODE = YES;
				CLANG_WARN__DUPLICATE_METHOD_MATCH = YES;
				COPY_PHASE_STRIP = NO;
				DEBUG_INFORMATION_FORMAT = dwarf;
				ENABLE_STRICT_OBJC_MSGSEND = YES;
				ENABLE_TESTABILITY = YES;
				GCC_C_LANGUAGE_STANDARD = gnu11;
				GCC_DYNAMIC_NO_PIC = NO;
				GCC_NO_COMMON_BLOCKS = YES;
				GCC_OPTIMIZATION_LEVEL = 0;
				GCC_PREPROCESSOR_DEFINITIONS = (
					"DEBUG=1",
					"$(inherited)",
				);
				GCC_WARN_64_TO_32_BIT_CONVERSION = YES;
				GCC_WARN_ABOUT_RETURN_TYPE = YES_ERROR;
				GCC_WARN_UNDECLARED_SELECTOR = YES;
				GCC_WARN_UNINITIALIZED_AUTOS = YES_AGGRESSIVE;
				GCC_WARN_UNUSED_FUNCTION = YES;
				GCC_WARN_UNUSED_VARIABLE = YES;
				IPHONEOS_DEPLOYMENT_TARGET = 15.5;
				MTL_ENABLE_DEBUG_INFO = INCLUDE_SOURCE;
				MTL_FAST_MATH = YES;
				ONLY_ACTIVE_ARCH = YES;
				SDKROOT = iphoneos;
				SWIFT_ACTIVE_COMPILATION_CONDITIONS = DEBUG;
				SWIFT_OPTIMIZATION_LEVEL = "-Onone";
			};
			name = Debug;
		};
		F13725BA28FEB71800B95469 /* Release */ = {
			isa = XCBuildConfiguration;
			buildSettings = {
				ALWAYS_SEARCH_USER_PATHS = NO;
				CLANG_ANALYZER_NONNULL = YES;
				CLANG_ANALYZER_NUMBER_OBJECT_CONVERSION = YES_AGGRESSIVE;
				CLANG_CXX_LANGUAGE_STANDARD = "gnu++17";
				CLANG_ENABLE_MODULES = YES;
				CLANG_ENABLE_OBJC_ARC = YES;
				CLANG_ENABLE_OBJC_WEAK = YES;
				CLANG_WARN_BLOCK_CAPTURE_AUTORELEASING = YES;
				CLANG_WARN_BOOL_CONVERSION = YES;
				CLANG_WARN_COMMA = YES;
				CLANG_WARN_CONSTANT_CONVERSION = YES;
				CLANG_WARN_DEPRECATED_OBJC_IMPLEMENTATIONS = YES;
				CLANG_WARN_DIRECT_OBJC_ISA_USAGE = YES_ERROR;
				CLANG_WARN_DOCUMENTATION_COMMENTS = YES;
				CLANG_WARN_EMPTY_BODY = YES;
				CLANG_WARN_ENUM_CONVERSION = YES;
				CLANG_WARN_INFINITE_RECURSION = YES;
				CLANG_WARN_INT_CONVERSION = YES;
				CLANG_WARN_NON_LITERAL_NULL_CONVERSION = YES;
				CLANG_WARN_OBJC_IMPLICIT_RETAIN_SELF = YES;
				CLANG_WARN_OBJC_LITERAL_CONVERSION = YES;
				CLANG_WARN_OBJC_ROOT_CLASS = YES_ERROR;
				CLANG_WARN_QUOTED_INCLUDE_IN_FRAMEWORK_HEADER = YES;
				CLANG_WARN_RANGE_LOOP_ANALYSIS = YES;
				CLANG_WARN_STRICT_PROTOTYPES = YES;
				CLANG_WARN_SUSPICIOUS_MOVE = YES;
				CLANG_WARN_UNGUARDED_AVAILABILITY = YES_AGGRESSIVE;
				CLANG_WARN_UNREACHABLE_CODE = YES;
				CLANG_WARN__DUPLICATE_METHOD_MATCH = YES;
				COPY_PHASE_STRIP = NO;
				DEBUG_INFORMATION_FORMAT = "dwarf-with-dsym";
				ENABLE_NS_ASSERTIONS = NO;
				ENABLE_STRICT_OBJC_MSGSEND = YES;
				GCC_C_LANGUAGE_STANDARD = gnu11;
				GCC_NO_COMMON_BLOCKS = YES;
				GCC_WARN_64_TO_32_BIT_CONVERSION = YES;
				GCC_WARN_ABOUT_RETURN_TYPE = YES_ERROR;
				GCC_WARN_UNDECLARED_SELECTOR = YES;
				GCC_WARN_UNINITIALIZED_AUTOS = YES_AGGRESSIVE;
				GCC_WARN_UNUSED_FUNCTION = YES;
				GCC_WARN_UNUSED_VARIABLE = YES;
				IPHONEOS_DEPLOYMENT_TARGET = 15.5;
				MTL_ENABLE_DEBUG_INFO = NO;
				MTL_FAST_MATH = YES;
				SDKROOT = iphoneos;
				SWIFT_COMPILATION_MODE = wholemodule;
				SWIFT_OPTIMIZATION_LEVEL = "-O";
				VALIDATE_PRODUCT = YES;
			};
			name = Release;
		};
		F13725BC28FEB71800B95469 /* Debug */ = {
			isa = XCBuildConfiguration;
			buildSettings = {
				ASSETCATALOG_COMPILER_APPICON_NAME = AppIcon;
				ASSETCATALOG_COMPILER_GLOBAL_ACCENT_COLOR_NAME = AccentColor;
				CODE_SIGN_STYLE = Automatic;
				CURRENT_PROJECT_VERSION = 1;
				GENERATE_INFOPLIST_FILE = YES;
				INFOPLIST_FILE = FoodApp/Info.plist;
				INFOPLIST_KEY_UIApplicationSupportsIndirectInputEvents = YES;
				INFOPLIST_KEY_UILaunchStoryboardName = LaunchScreen;
				INFOPLIST_KEY_UIMainStoryboardFile = Main;
				INFOPLIST_KEY_UISupportedInterfaceOrientations = UIInterfaceOrientationPortrait;
				INFOPLIST_KEY_UISupportedInterfaceOrientations_iPad = "UIInterfaceOrientationPortrait UIInterfaceOrientationPortraitUpsideDown UIInterfaceOrientationLandscapeLeft UIInterfaceOrientationLandscapeRight";
				INFOPLIST_KEY_UISupportedInterfaceOrientations_iPhone = "UIInterfaceOrientationPortrait UIInterfaceOrientationLandscapeLeft UIInterfaceOrientationLandscapeRight";
				LD_RUNPATH_SEARCH_PATHS = (
					"$(inherited)",
					"@executable_path/Frameworks",
				);
				MARKETING_VERSION = 1.0;
				PRODUCT_BUNDLE_IDENTIFIER = com.burakertas.FoodApp;
				PRODUCT_NAME = "$(TARGET_NAME)";
				SWIFT_EMIT_LOC_STRINGS = YES;
				SWIFT_VERSION = 5.0;
				TARGETED_DEVICE_FAMILY = "1,2";
			};
			name = Debug;
		};
		F13725BD28FEB71800B95469 /* Release */ = {
			isa = XCBuildConfiguration;
			buildSettings = {
				ASSETCATALOG_COMPILER_APPICON_NAME = AppIcon;
				ASSETCATALOG_COMPILER_GLOBAL_ACCENT_COLOR_NAME = AccentColor;
				CODE_SIGN_STYLE = Automatic;
				CURRENT_PROJECT_VERSION = 1;
				GENERATE_INFOPLIST_FILE = YES;
				INFOPLIST_FILE = FoodApp/Info.plist;
				INFOPLIST_KEY_UIApplicationSupportsIndirectInputEvents = YES;
				INFOPLIST_KEY_UILaunchStoryboardName = LaunchScreen;
				INFOPLIST_KEY_UIMainStoryboardFile = Main;
				INFOPLIST_KEY_UISupportedInterfaceOrientations = UIInterfaceOrientationPortrait;
				INFOPLIST_KEY_UISupportedInterfaceOrientations_iPad = "UIInterfaceOrientationPortrait UIInterfaceOrientationPortraitUpsideDown UIInterfaceOrientationLandscapeLeft UIInterfaceOrientationLandscapeRight";
				INFOPLIST_KEY_UISupportedInterfaceOrientations_iPhone = "UIInterfaceOrientationPortrait UIInterfaceOrientationLandscapeLeft UIInterfaceOrientationLandscapeRight";
				LD_RUNPATH_SEARCH_PATHS = (
					"$(inherited)",
					"@executable_path/Frameworks",
				);
				MARKETING_VERSION = 1.0;
				PRODUCT_BUNDLE_IDENTIFIER = com.burakertas.FoodApp;
				PRODUCT_NAME = "$(TARGET_NAME)";
				SWIFT_EMIT_LOC_STRINGS = YES;
				SWIFT_VERSION = 5.0;
				TARGETED_DEVICE_FAMILY = "1,2";
			};
			name = Release;
		};
/* End XCBuildConfiguration section */

/* Begin XCConfigurationList section */
		F13725A228FEB71400B95469 /* Build configuration list for PBXProject "FoodApp" */ = {
			isa = XCConfigurationList;
			buildConfigurations = (
				F13725B928FEB71800B95469 /* Debug */,
				F13725BA28FEB71800B95469 /* Release */,
			);
			defaultConfigurationIsVisible = 0;
			defaultConfigurationName = Release;
		};
		F13725BB28FEB71800B95469 /* Build configuration list for PBXNativeTarget "FoodApp" */ = {
			isa = XCConfigurationList;
			buildConfigurations = (
				F13725BC28FEB71800B95469 /* Debug */,
				F13725BD28FEB71800B95469 /* Release */,
			);
			defaultConfigurationIsVisible = 0;
			defaultConfigurationName = Release;
		};
/* End XCConfigurationList section */

/* Begin XCRemoteSwiftPackageReference section */
		F11B08CC2902C3FF00005115 /* XCRemoteSwiftPackageReference "Alamofire" */ = {
			isa = XCRemoteSwiftPackageReference;
			repositoryURL = "https://github.com/Alamofire/Alamofire.git";
			requirement = {
				branch = master;
				kind = branch;
			};
		};
		F11B08CF2902DD3F00005115 /* XCRemoteSwiftPackageReference "Kingfisher" */ = {
			isa = XCRemoteSwiftPackageReference;
			repositoryURL = "https://github.com/onevcat/Kingfisher.git";
			requirement = {
				branch = master;
				kind = branch;
			};
		};
		F13725C428FF22D300B95469 /* XCRemoteSwiftPackageReference "lottie-ios" */ = {
			isa = XCRemoteSwiftPackageReference;
			repositoryURL = "https://github.com/airbnb/lottie-ios.git";
			requirement = {
				kind = upToNextMajorVersion;
				minimumVersion = 3.0.0;
			};
		};
/* End XCRemoteSwiftPackageReference section */

/* Begin XCSwiftPackageProductDependency section */
		F11B08CD2902C3FF00005115 /* Alamofire */ = {
			isa = XCSwiftPackageProductDependency;
			package = F11B08CC2902C3FF00005115 /* XCRemoteSwiftPackageReference "Alamofire" */;
			productName = Alamofire;
		};
		F11B08D02902DD3F00005115 /* Kingfisher */ = {
			isa = XCSwiftPackageProductDependency;
			package = F11B08CF2902DD3F00005115 /* XCRemoteSwiftPackageReference "Kingfisher" */;
			productName = Kingfisher;
		};
		F13725C528FF22D300B95469 /* Lottie */ = {
			isa = XCSwiftPackageProductDependency;
			package = F13725C428FF22D300B95469 /* XCRemoteSwiftPackageReference "lottie-ios" */;
			productName = Lottie;
		};
/* End XCSwiftPackageProductDependency section */
	};
	rootObject = F137259F28FEB71400B95469 /* Project object */;
}
